
Microsoft Visual Studio Solution File, Format Version 12.00
# Visual Studio 14
VisualStudioVersion = 14.0.25420.1
MinimumVisualStudioVersion = 10.0.40219.1
Project("{FAE04EC0-301F-11D3-BF4B-00C04F79EFBC}") = "WebSocketServer_Test", "WebSocketServer_Test\WebSocketServer_Test.csproj", "{7272A26C-DCBB-44E7-9A31-C3CEC25133AD}"
EndProject
Project("{FAE04EC0-301F-11D3-BF4B-00C04F79EFBC}") = "BaloccoBilanciaBorlotto", "BaloccoBilanciaBorlotto\BaloccoBilanciaBorlotto.csproj", "{823381A5-AD9A-46C8-B30A-DA48BC27B162}"
EndProject
Global
	GlobalSection(SolutionConfigurationPlatforms) = preSolution
		Debug|Any CPU = Debug|Any CPU
		Release|Any CPU = Release|Any CPU
	EndGlobalSection
	GlobalSection(ProjectConfigurationPlatforms) = postSolution
		{7272A26C-DCBB-44E7-9A31-C3CEC25133AD}.Debug|Any CPU.ActiveCfg = Debug|Any CPU
		{7272A26C-DCBB-44E7-9A31-C3CEC25133AD}.Debug|Any CPU.Build.0 = Debug|Any CPU
		{7272A26C-DCBB-44E7-9A31-C3CEC25133AD}.Release|Any CPU.ActiveCfg = Release|Any CPU
		{7272A26C-DCBB-44E7-9A31-C3CEC25133AD}.Release|Any CPU.Build.0 = Release|Any CPU
		{823381A5-AD9A-46C8-B30A-DA48BC27B162}.Debug|Any CPU.ActiveCfg = Debug|Any CPU
		{823381A5-AD9A-46C8-B30A-DA48BC27B162}.Debug|Any CPU.Build.0 = Debug|Any CPU
		{823381A5-AD9A-46C8-B30A-DA48BC27B162}.Release|Any CPU.ActiveCfg = Release|Any CPU
		{823381A5-AD9A-46C8-B30A-DA48BC27B162}.Release|Any CPU.Build.0 = Release|Any CPU
	EndGlobalSection
	GlobalSection(SolutionProperties) = preSolution
		HideSolutionNode = FALSE
	EndGlobalSection
EndGlobal
